
Microsoft Visual Studio Solution File, Format Version 12.00
# Visual Studio Version 17
VisualStudioVersion = 17.12.35527.113
MinimumVisualStudioVersion = 10.0.40219.1
Project("{FAE04EC0-301F-11D3-BF4B-00C04F79EFBC}") = "ConsoleServer", "..\TicTacToe\ConsoleServer\ConsoleServer.csproj", "{E7C82241-B578-46BC-9718-A0965B6F90FC}"
EndProject
Project("{FAE04EC0-301F-11D3-BF4B-00C04F79EFBC}") = "GameApplication", "..\TicTacToe\GameApplication\GameApplication.csproj", "{5F9C3FBB-1F90-4C07-8178-DB07B33482AA}"
EndProject
Global
	GlobalSection(SolutionConfigurationPlatforms) = preSolution
		Debug|Any CPU = Debug|Any CPU
		Release|Any CPU = Release|Any CPU
	EndGlobalSection
	GlobalSection(ProjectConfigurationPlatforms) = postSolution
		{E7C82241-B578-46BC-9718-A0965B6F90FC}.Debug|Any CPU.ActiveCfg = Debug|Any CPU
		{E7C82241-B578-46BC-9718-A0965B6F90FC}.Debug|Any CPU.Build.0 = Debug|Any CPU
		{E7C82241-B578-46BC-9718-A0965B6F90FC}.Release|Any CPU.ActiveCfg = Release|Any CPU
		{E7C82241-B578-46BC-9718-A0965B6F90FC}.Release|Any CPU.Build.0 = Release|Any CPU
		{5F9C3FBB-1F90-4C07-8178-DB07B33482AA}.Debug|Any CPU.ActiveCfg = Debug|Any CPU
		{5F9C3FBB-1F90-4C07-8178-DB07B33482AA}.Debug|Any CPU.Build.0 = Debug|Any CPU
		{5F9C3FBB-1F90-4C07-8178-DB07B33482AA}.Release|Any CPU.ActiveCfg = Release|Any CPU
		{5F9C3FBB-1F90-4C07-8178-DB07B33482AA}.Release|Any CPU.Build.0 = Release|Any CPU
	EndGlobalSection
	GlobalSection(SolutionProperties) = preSolution
		HideSolutionNode = FALSE
	EndGlobalSection
EndGlobal
